
Microsoft Visual Studio Solution File, Format Version 12.00
# Visual Studio Version 17
VisualStudioVersion = 17.2.32408.312
MinimumVisualStudioVersion = 10.0.40219.1
Project("{FAE04EC0-301F-11D3-BF4B-00C04F79EFBC}") = "CarAppClone", "CarAppClone\CarAppClone.csproj", "{EDDF6909-8041-4396-8F88-7B02A35C1194}"
EndProject
Project("{9A19103F-16F7-4668-BE54-9A1E7A4F7556}") = "CarComponents", "..\..\CarSolution\CarComponents\CarComponents.csproj", "{93B72AE0-E57C-4CE1-B34A-0AE95558A4CC}"
EndProject
Global
	GlobalSection(SolutionConfigurationPlatforms) = preSolution
		Debug|Any CPU = Debug|Any CPU
		Release|Any CPU = Release|Any CPU
	EndGlobalSection
	GlobalSection(ProjectConfigurationPlatforms) = postSolution
		{EDDF6909-8041-4396-8F88-7B02A35C1194}.Debug|Any CPU.ActiveCfg = Debug|Any CPU
		{EDDF6909-8041-4396-8F88-7B02A35C1194}.Debug|Any CPU.Build.0 = Debug|Any CPU
		{EDDF6909-8041-4396-8F88-7B02A35C1194}.Release|Any CPU.ActiveCfg = Release|Any CPU
		{EDDF6909-8041-4396-8F88-7B02A35C1194}.Release|Any CPU.Build.0 = Release|Any CPU
		{93B72AE0-E57C-4CE1-B34A-0AE95558A4CC}.Debug|Any CPU.ActiveCfg = Debug|Any CPU
		{93B72AE0-E57C-4CE1-B34A-0AE95558A4CC}.Debug|Any CPU.Build.0 = Debug|Any CPU
		{93B72AE0-E57C-4CE1-B34A-0AE95558A4CC}.Release|Any CPU.ActiveCfg = Release|Any CPU
		{93B72AE0-E57C-4CE1-B34A-0AE95558A4CC}.Release|Any CPU.Build.0 = Release|Any CPU
	EndGlobalSection
	GlobalSection(SolutionProperties) = preSolution
		HideSolutionNode = FALSE
	EndGlobalSection
	GlobalSection(ExtensibilityGlobals) = postSolution
		SolutionGuid = {F16FF348-E151-473F-8BFC-DC2AE5ECC2C3}
	EndGlobalSection
EndGlobal
